
Microsoft Visual Studio Solution File, Format Version 12.00
# Visual Studio 2013
VisualStudioVersion = 12.0.30324.0
MinimumVisualStudioVersion = 10.0.40219.1
Project("{2150E333-8FDC-42A3-9474-1A3956D46DE8}") = "Shared", "Shared", "{542E3E63-CFB5-4EC1-885D-0A5F6F2C07CD}"
EndProject
Project("{2150E333-8FDC-42A3-9474-1A3956D46DE8}") = "Clients", "Clients", "{3F8FD0D9-CC76-43B9-8411-B38D752174D3}"
EndProject
Project("{2150E333-8FDC-42A3-9474-1A3956D46DE8}") = "Tests", "Tests", "{67A87332-44AA-4771-8F4D-B70C7E59A5A5}"
EndProject
Project("{FAE04EC0-301F-11D3-BF4B-00C04F79EFBC}") = "WaveServerTests", "Tests\WaveServerTests\WaveServerTests.csproj", "{09F3AF53-9D70-40F5-B140-80C3A774782B}"
EndProject
Project("{FAE04EC0-301F-11D3-BF4B-00C04F79EFBC}") = "WaveNET.Core", "Source\WaveNET.Core\WaveNET.Core.csproj", "{5853A40B-6757-49F2-8C0B-67EE10073B77}"
EndProject
Project("{2150E333-8FDC-42A3-9474-1A3956D46DE8}") = "Server", "Server", "{78F25EED-BE21-4DA4-90D8-FE089AAB07C4}"
EndProject
Project("{FAE04EC0-301F-11D3-BF4B-00C04F79EFBC}") = "WaveNet.Server", "WaveNet.Server\WaveNet.Server.csproj", "{A86C6A70-6D76-4379-8167-0CD9792DCC8C}"
EndProject
Global
	GlobalSection(SolutionConfigurationPlatforms) = preSolution
		Debug|Any CPU = Debug|Any CPU
		Release|Any CPU = Release|Any CPU
	EndGlobalSection
	GlobalSection(ProjectConfigurationPlatforms) = postSolution
		{09F3AF53-9D70-40F5-B140-80C3A774782B}.Debug|Any CPU.ActiveCfg = Debug|Any CPU
		{09F3AF53-9D70-40F5-B140-80C3A774782B}.Debug|Any CPU.Build.0 = Debug|Any CPU
		{09F3AF53-9D70-40F5-B140-80C3A774782B}.Release|Any CPU.ActiveCfg = Release|Any CPU
		{09F3AF53-9D70-40F5-B140-80C3A774782B}.Release|Any CPU.Build.0 = Release|Any CPU
		{5853A40B-6757-49F2-8C0B-67EE10073B77}.Debug|Any CPU.ActiveCfg = Debug|Any CPU
		{5853A40B-6757-49F2-8C0B-67EE10073B77}.Debug|Any CPU.Build.0 = Debug|Any CPU
		{5853A40B-6757-49F2-8C0B-67EE10073B77}.Release|Any CPU.ActiveCfg = Release|Any CPU
		{5853A40B-6757-49F2-8C0B-67EE10073B77}.Release|Any CPU.Build.0 = Release|Any CPU
		{A86C6A70-6D76-4379-8167-0CD9792DCC8C}.Debug|Any CPU.ActiveCfg = Debug|Any CPU
		{A86C6A70-6D76-4379-8167-0CD9792DCC8C}.Debug|Any CPU.Build.0 = Debug|Any CPU
		{A86C6A70-6D76-4379-8167-0CD9792DCC8C}.Release|Any CPU.ActiveCfg = Release|Any CPU
		{A86C6A70-6D76-4379-8167-0CD9792DCC8C}.Release|Any CPU.Build.0 = Release|Any CPU
	EndGlobalSection
	GlobalSection(SolutionProperties) = preSolution
		HideSolutionNode = FALSE
	EndGlobalSection
	GlobalSection(NestedProjects) = preSolution
		{09F3AF53-9D70-40F5-B140-80C3A774782B} = {67A87332-44AA-4771-8F4D-B70C7E59A5A5}
		{5853A40B-6757-49F2-8C0B-67EE10073B77} = {542E3E63-CFB5-4EC1-885D-0A5F6F2C07CD}
		{A86C6A70-6D76-4379-8167-0CD9792DCC8C} = {78F25EED-BE21-4DA4-90D8-FE089AAB07C4}
	EndGlobalSection
EndGlobal
